
Microsoft Visual Studio Solution File, Format Version 12.00
# Visual Studio Version 16
VisualStudioVersion = 16.0.30128.74
MinimumVisualStudioVersion = 10.0.40219.1
Project("{9A19103F-16F7-4668-BE54-9A1E7A4F7556}") = "LeetCode2", "LeetCode2\LeetCode2.csproj", "{54B040C5-FAF9-4F80-B129-34E71592A35B}"
EndProject
Project("{9A19103F-16F7-4668-BE54-9A1E7A4F7556}") = "LeetCode297", "LeetCode297\LeetCode297.csproj", "{D46B0066-0F80-4D17-9F8A-6F47B5131476}"
EndProject
Project("{9A19103F-16F7-4668-BE54-9A1E7A4F7556}") = "LeetCode15", "LeetCode15\LeetCode15.csproj", "{E9280E49-098F-48DC-8FB1-F460E19143FB}"
EndProject
Project("{9A19103F-16F7-4668-BE54-9A1E7A4F7556}") = "LeetCode1014", "LeetCode1014\LeetCode1014.csproj", "{9BECF848-0DF3-4580-BF27-0E03FC447A8F}"
EndProject
Project("{9A19103F-16F7-4668-BE54-9A1E7A4F7556}") = "LeetCode1028", "LeetCode1028\LeetCode1028.csproj", "{B4FB3A7E-0F04-4973-A2D1-3582B9D6F00F}"
EndProject
Project("{9A19103F-16F7-4668-BE54-9A1E7A4F7556}") = "LeetCode-Interview-16dot18", "LeetCode-Interview-16dot18\LeetCode-Interview-16dot18.csproj", "{BF8980AB-6F84-43A3-8ADA-D6FCE7D15BA9}"
EndProject
Project("{9A19103F-16F7-4668-BE54-9A1E7A4F7556}") = "LeetCode67", "LeetCode67\LeetCode67.csproj", "{1804E2E6-D1D7-433B-B337-63D131D5357A}"
EndProject
Project("{9A19103F-16F7-4668-BE54-9A1E7A4F7556}") = "LeetCode63", "LeetCode63\LeetCode63.csproj", "{9843151D-AF6F-4A7E-9233-BABF01D387AB}"
EndProject
Project("{9A19103F-16F7-4668-BE54-9A1E7A4F7556}") = "LeetCode785", "LeetCode785\LeetCode785.csproj", "{2ADB7704-65D7-4498-92D8-BB2CB76A9251}"
EndProject
Project("{9A19103F-16F7-4668-BE54-9A1E7A4F7556}") = "LeetCode35", "LeetCode35\LeetCode35.csproj", "{3B2BF130-3097-472B-B5FE-B859EEC186B2}"
EndProject
Project("{9A19103F-16F7-4668-BE54-9A1E7A4F7556}") = "LeetCode154", "LeetCode154\LeetCode154.csproj", "{75A5C6EA-7098-47B3-96F6-B366EBE770EF}"
EndProject
Project("{9A19103F-16F7-4668-BE54-9A1E7A4F7556}") = "LeetCode17", "LeetCode17\LeetCode17.csproj", "{ABB152F9-BBF5-485F-87DC-BFD16B8E8E0C}"
EndProject
Project("{9A19103F-16F7-4668-BE54-9A1E7A4F7556}") = "LeetCode443", "LeetCode443\LeetCode443.csproj", "{F5FE3BC3-72C7-49AA-9900-D239F44FA949}"
EndProject
Project("{9A19103F-16F7-4668-BE54-9A1E7A4F7556}") = "LeetCode42", "LeetCode42\LeetCode42.csproj", "{B2319860-F446-4CE9-BA07-8462FF772385}"
EndProject
Project("{FAE04EC0-301F-11D3-BF4B-00C04F79EFBC}") = "LeetCode64", "LeetCode64\LeetCode64.csproj", "{9CCA66C4-5C67-49C9-ABBA-27077109EB55}"
EndProject
Global
	GlobalSection(SolutionConfigurationPlatforms) = preSolution
		Debug|Any CPU = Debug|Any CPU
		Release|Any CPU = Release|Any CPU
	EndGlobalSection
	GlobalSection(ProjectConfigurationPlatforms) = postSolution
		{54B040C5-FAF9-4F80-B129-34E71592A35B}.Debug|Any CPU.ActiveCfg = Debug|Any CPU
		{54B040C5-FAF9-4F80-B129-34E71592A35B}.Debug|Any CPU.Build.0 = Debug|Any CPU
		{54B040C5-FAF9-4F80-B129-34E71592A35B}.Release|Any CPU.ActiveCfg = Release|Any CPU
		{54B040C5-FAF9-4F80-B129-34E71592A35B}.Release|Any CPU.Build.0 = Release|Any CPU
		{D46B0066-0F80-4D17-9F8A-6F47B5131476}.Debug|Any CPU.ActiveCfg = Debug|Any CPU
		{D46B0066-0F80-4D17-9F8A-6F47B5131476}.Debug|Any CPU.Build.0 = Debug|Any CPU
		{D46B0066-0F80-4D17-9F8A-6F47B5131476}.Release|Any CPU.ActiveCfg = Release|Any CPU
		{D46B0066-0F80-4D17-9F8A-6F47B5131476}.Release|Any CPU.Build.0 = Release|Any CPU
		{E9280E49-098F-48DC-8FB1-F460E19143FB}.Debug|Any CPU.ActiveCfg = Debug|Any CPU
		{E9280E49-098F-48DC-8FB1-F460E19143FB}.Debug|Any CPU.Build.0 = Debug|Any CPU
		{E9280E49-098F-48DC-8FB1-F460E19143FB}.Release|Any CPU.ActiveCfg = Release|Any CPU
		{E9280E49-098F-48DC-8FB1-F460E19143FB}.Release|Any CPU.Build.0 = Release|Any CPU
		{9BECF848-0DF3-4580-BF27-0E03FC447A8F}.Debug|Any CPU.ActiveCfg = Debug|Any CPU
		{9BECF848-0DF3-4580-BF27-0E03FC447A8F}.Debug|Any CPU.Build.0 = Debug|Any CPU
		{9BECF848-0DF3-4580-BF27-0E03FC447A8F}.Release|Any CPU.ActiveCfg = Release|Any CPU
		{9BECF848-0DF3-4580-BF27-0E03FC447A8F}.Release|Any CPU.Build.0 = Release|Any CPU
		{B4FB3A7E-0F04-4973-A2D1-3582B9D6F00F}.Debug|Any CPU.ActiveCfg = Debug|Any CPU
		{B4FB3A7E-0F04-4973-A2D1-3582B9D6F00F}.Debug|Any CPU.Build.0 = Debug|Any CPU
		{B4FB3A7E-0F04-4973-A2D1-3582B9D6F00F}.Release|Any CPU.ActiveCfg = Release|Any CPU
		{B4FB3A7E-0F04-4973-A2D1-3582B9D6F00F}.Release|Any CPU.Build.0 = Release|Any CPU
		{BF8980AB-6F84-43A3-8ADA-D6FCE7D15BA9}.Debug|Any CPU.ActiveCfg = Debug|Any CPU
		{BF8980AB-6F84-43A3-8ADA-D6FCE7D15BA9}.Debug|Any CPU.Build.0 = Debug|Any CPU
		{BF8980AB-6F84-43A3-8ADA-D6FCE7D15BA9}.Release|Any CPU.ActiveCfg = Release|Any CPU
		{BF8980AB-6F84-43A3-8ADA-D6FCE7D15BA9}.Release|Any CPU.Build.0 = Release|Any CPU
		{1804E2E6-D1D7-433B-B337-63D131D5357A}.Debug|Any CPU.ActiveCfg = Debug|Any CPU
		{1804E2E6-D1D7-433B-B337-63D131D5357A}.Debug|Any CPU.Build.0 = Debug|Any CPU
		{1804E2E6-D1D7-433B-B337-63D131D5357A}.Release|Any CPU.ActiveCfg = Release|Any CPU
		{1804E2E6-D1D7-433B-B337-63D131D5357A}.Release|Any CPU.Build.0 = Release|Any CPU
		{9843151D-AF6F-4A7E-9233-BABF01D387AB}.Debug|Any CPU.ActiveCfg = Debug|Any CPU
		{9843151D-AF6F-4A7E-9233-BABF01D387AB}.Debug|Any CPU.Build.0 = Debug|Any CPU
		{9843151D-AF6F-4A7E-9233-BABF01D387AB}.Release|Any CPU.ActiveCfg = Release|Any CPU
		{9843151D-AF6F-4A7E-9233-BABF01D387AB}.Release|Any CPU.Build.0 = Release|Any CPU
		{2ADB7704-65D7-4498-92D8-BB2CB76A9251}.Debug|Any CPU.ActiveCfg = Debug|Any CPU
		{2ADB7704-65D7-4498-92D8-BB2CB76A9251}.Debug|Any CPU.Build.0 = Debug|Any CPU
		{2ADB7704-65D7-4498-92D8-BB2CB76A9251}.Release|Any CPU.ActiveCfg = Release|Any CPU
		{2ADB7704-65D7-4498-92D8-BB2CB76A9251}.Release|Any CPU.Build.0 = Release|Any CPU
		{3B2BF130-3097-472B-B5FE-B859EEC186B2}.Debug|Any CPU.ActiveCfg = Debug|Any CPU
		{3B2BF130-3097-472B-B5FE-B859EEC186B2}.Debug|Any CPU.Build.0 = Debug|Any CPU
		{3B2BF130-3097-472B-B5FE-B859EEC186B2}.Release|Any CPU.ActiveCfg = Release|Any CPU
		{3B2BF130-3097-472B-B5FE-B859EEC186B2}.Release|Any CPU.Build.0 = Release|Any CPU
		{75A5C6EA-7098-47B3-96F6-B366EBE770EF}.Debug|Any CPU.ActiveCfg = Debug|Any CPU
		{75A5C6EA-7098-47B3-96F6-B366EBE770EF}.Debug|Any CPU.Build.0 = Debug|Any CPU
		{75A5C6EA-7098-47B3-96F6-B366EBE770EF}.Release|Any CPU.ActiveCfg = Release|Any CPU
		{75A5C6EA-7098-47B3-96F6-B366EBE770EF}.Release|Any CPU.Build.0 = Release|Any CPU
		{ABB152F9-BBF5-485F-87DC-BFD16B8E8E0C}.Debug|Any CPU.ActiveCfg = Debug|Any CPU
		{ABB152F9-BBF5-485F-87DC-BFD16B8E8E0C}.Debug|Any CPU.Build.0 = Debug|Any CPU
		{ABB152F9-BBF5-485F-87DC-BFD16B8E8E0C}.Release|Any CPU.ActiveCfg = Release|Any CPU
		{ABB152F9-BBF5-485F-87DC-BFD16B8E8E0C}.Release|Any CPU.Build.0 = Release|Any CPU
		{F5FE3BC3-72C7-49AA-9900-D239F44FA949}.Debug|Any CPU.ActiveCfg = Debug|Any CPU
		{F5FE3BC3-72C7-49AA-9900-D239F44FA949}.Debug|Any CPU.Build.0 = Debug|Any CPU
		{F5FE3BC3-72C7-49AA-9900-D239F44FA949}.Release|Any CPU.ActiveCfg = Release|Any CPU
		{F5FE3BC3-72C7-49AA-9900-D239F44FA949}.Release|Any CPU.Build.0 = Release|Any CPU
		{B2319860-F446-4CE9-BA07-8462FF772385}.Debug|Any CPU.ActiveCfg = Debug|Any CPU
		{B2319860-F446-4CE9-BA07-8462FF772385}.Debug|Any CPU.Build.0 = Debug|Any CPU
		{B2319860-F446-4CE9-BA07-8462FF772385}.Release|Any CPU.ActiveCfg = Release|Any CPU
		{B2319860-F446-4CE9-BA07-8462FF772385}.Release|Any CPU.Build.0 = Release|Any CPU
		{9CCA66C4-5C67-49C9-ABBA-27077109EB55}.Debug|Any CPU.ActiveCfg = Debug|Any CPU
		{9CCA66C4-5C67-49C9-ABBA-27077109EB55}.Debug|Any CPU.Build.0 = Debug|Any CPU
		{9CCA66C4-5C67-49C9-ABBA-27077109EB55}.Release|Any CPU.ActiveCfg = Release|Any CPU
		{9CCA66C4-5C67-49C9-ABBA-27077109EB55}.Release|Any CPU.Build.0 = Release|Any CPU
	EndGlobalSection
	GlobalSection(SolutionProperties) = preSolution
		HideSolutionNode = FALSE
	EndGlobalSection
	GlobalSection(ExtensibilityGlobals) = postSolution
		SolutionGuid = {7492D8F4-EFCD-4AE1-B562-5BC7613B5430}
	EndGlobalSection
EndGlobal
